
Microsoft Visual Studio Solution File, Format Version 12.00
# Visual Studio Version 17
VisualStudioVersion = 17.3.32901.215
MinimumVisualStudioVersion = 10.0.40219.1
Project("{FAE04EC0-301F-11D3-BF4B-00C04F79EFBC}") = "DecaStore", "DecaStore.csproj", "{72EADCF5-A480-48B3-B9C6-676937830FD7}"
EndProject
Global
	GlobalSection(SolutionConfigurationPlatforms) = preSolution
		Debug|Any CPU = Debug|Any CPU
		Release|Any CPU = Release|Any CPU
	EndGlobalSection
	GlobalSection(ProjectConfigurationPlatforms) = postSolution
		{72EADCF5-A480-48B3-B9C6-676937830FD7}.Debug|Any CPU.ActiveCfg = Debug|Any CPU
		{72EADCF5-A480-48B3-B9C6-676937830FD7}.Debug|Any CPU.Build.0 = Debug|Any CPU
		{72EADCF5-A480-48B3-B9C6-676937830FD7}.Release|Any CPU.ActiveCfg = Release|Any CPU
		{72EADCF5-A480-48B3-B9C6-676937830FD7}.Release|Any CPU.Build.0 = Release|Any CPU
	EndGlobalSection
	GlobalSection(SolutionProperties) = preSolution
		HideSolutionNode = FALSE
	EndGlobalSection
	GlobalSection(ExtensibilityGlobals) = postSolution
		SolutionGuid = {2A9B4117-D7D2-4CD7-9245-6A254B59F4D3}
	EndGlobalSection
EndGlobal
